
Microsoft Visual Studio Solution File, Format Version 12.00
# Visual Studio 15
VisualStudioVersion = 15.0.27703.2042
MinimumVisualStudioVersion = 10.0.40219.1
Project("{FAE04EC0-301F-11D3-BF4B-00C04F79EFBC}") = "Academia", "Academia\Academia.csproj", "{4724C8BF-D38F-49B1-9F62-9E5A5E5B0BED}"
EndProject
Global
	GlobalSection(SolutionConfigurationPlatforms) = preSolution
		Debug|Any CPU = Debug|Any CPU
		Release|Any CPU = Release|Any CPU
	EndGlobalSection
	GlobalSection(ProjectConfigurationPlatforms) = postSolution
		{4724C8BF-D38F-49B1-9F62-9E5A5E5B0BED}.Debug|Any CPU.ActiveCfg = Debug|Any CPU
		{4724C8BF-D38F-49B1-9F62-9E5A5E5B0BED}.Debug|Any CPU.Build.0 = Debug|Any CPU
		{4724C8BF-D38F-49B1-9F62-9E5A5E5B0BED}.Release|Any CPU.ActiveCfg = Release|Any CPU
		{4724C8BF-D38F-49B1-9F62-9E5A5E5B0BED}.Release|Any CPU.Build.0 = Release|Any CPU
	EndGlobalSection
	GlobalSection(SolutionProperties) = preSolution
		HideSolutionNode = FALSE
	EndGlobalSection
	GlobalSection(ExtensibilityGlobals) = postSolution
		SolutionGuid = {8A2329EF-0A20-4E2E-BEEA-EE23568D83D0}
	EndGlobalSection
EndGlobal
